
Microsoft Visual Studio Solution File, Format Version 12.00
# Visual Studio 15
VisualStudioVersion = 15.0.28010.2016
MinimumVisualStudioVersion = 10.0.40219.1
Project("{FAE04EC0-301F-11D3-BF4B-00C04F79EFBC}") = "DSVideoPlayer.Android", "DSVideoPlayer\DSVideoPlayer.Android\DSVideoPlayer.Android.csproj", "{4F0E9647-39DD-4677-8B75-1AFBC3C97AE7}"
EndProject
Project("{FAE04EC0-301F-11D3-BF4B-00C04F79EFBC}") = "DSVideoPlayer.iOS", "DSVideoPlayer\DSVideoPlayer.iOS\DSVideoPlayer.iOS.csproj", "{BC4C9C7C-C8A6-43DA-9ED1-6C7D5C3E273A}"
EndProject
Project("{FAE04EC0-301F-11D3-BF4B-00C04F79EFBC}") = "DSVideoPlayer.UWP", "DSVideoPlayer\DSVideoPlayer.UWP\DSVideoPlayer.UWP.csproj", "{E9DAA11D-74C2-46D2-B484-5B55D0181F7E}"
EndProject
Project("{FAE04EC0-301F-11D3-BF4B-00C04F79EFBC}") = "DSVideoPlayer", "DSVideoPlayer\DSVideoPlayer\DSVideoPlayer.csproj", "{B50ADC72-4122-469A-9A69-FB2D5A0EB9E2}"
EndProject
Global
	GlobalSection(SolutionConfigurationPlatforms) = preSolution
		Ad-Hoc|Any CPU = Ad-Hoc|Any CPU
		Ad-Hoc|ARM = Ad-Hoc|ARM
		Ad-Hoc|iPhone = Ad-Hoc|iPhone
		Ad-Hoc|iPhoneSimulator = Ad-Hoc|iPhoneSimulator
		Ad-Hoc|x64 = Ad-Hoc|x64
		Ad-Hoc|x86 = Ad-Hoc|x86
		AppStore|Any CPU = AppStore|Any CPU
		AppStore|ARM = AppStore|ARM
		AppStore|iPhone = AppStore|iPhone
		AppStore|iPhoneSimulator = AppStore|iPhoneSimulator
		AppStore|x64 = AppStore|x64
		AppStore|x86 = AppStore|x86
		Debug|Any CPU = Debug|Any CPU
		Debug|ARM = Debug|ARM
		Debug|iPhone = Debug|iPhone
		Debug|iPhoneSimulator = Debug|iPhoneSimulator
		Debug|x64 = Debug|x64
		Debug|x86 = Debug|x86
		Release|Any CPU = Release|Any CPU
		Release|ARM = Release|ARM
		Release|iPhone = Release|iPhone
		Release|iPhoneSimulator = Release|iPhoneSimulator
		Release|x64 = Release|x64
		Release|x86 = Release|x86
	EndGlobalSection
	GlobalSection(ProjectConfigurationPlatforms) = postSolution
		{4F0E9647-39DD-4677-8B75-1AFBC3C97AE7}.Ad-Hoc|Any CPU.ActiveCfg = Release|Any CPU
		{4F0E9647-39DD-4677-8B75-1AFBC3C97AE7}.Ad-Hoc|Any CPU.Build.0 = Release|Any CPU
		{4F0E9647-39DD-4677-8B75-1AFBC3C97AE7}.Ad-Hoc|Any CPU.Deploy.0 = Release|Any CPU
		{4F0E9647-39DD-4677-8B75-1AFBC3C97AE7}.Ad-Hoc|ARM.ActiveCfg = Release|Any CPU
		{4F0E9647-39DD-4677-8B75-1AFBC3C97AE7}.Ad-Hoc|ARM.Build.0 = Release|Any CPU
		{4F0E9647-39DD-4677-8B75-1AFBC3C97AE7}.Ad-Hoc|ARM.Deploy.0 = Release|Any CPU
		{4F0E9647-39DD-4677-8B75-1AFBC3C97AE7}.Ad-Hoc|iPhone.ActiveCfg = Release|Any CPU
		{4F0E9647-39DD-4677-8B75-1AFBC3C97AE7}.Ad-Hoc|iPhone.Build.0 = Release|Any CPU
		{4F0E9647-39DD-4677-8B75-1AFBC3C97AE7}.Ad-Hoc|iPhone.Deploy.0 = Release|Any CPU
		{4F0E9647-39DD-4677-8B75-1AFBC3C97AE7}.Ad-Hoc|iPhoneSimulator.ActiveCfg = Release|Any CPU
		{4F0E9647-39DD-4677-8B75-1AFBC3C97AE7}.Ad-Hoc|iPhoneSimulator.Build.0 = Release|Any CPU
		{4F0E9647-39DD-4677-8B75-1AFBC3C97AE7}.Ad-Hoc|iPhoneSimulator.Deploy.0 = Release|Any CPU
		{4F0E9647-39DD-4677-8B75-1AFBC3C97AE7}.Ad-Hoc|x64.ActiveCfg = Release|Any CPU
		{4F0E9647-39DD-4677-8B75-1AFBC3C97AE7}.Ad-Hoc|x64.Build.0 = Release|Any CPU
		{4F0E9647-39DD-4677-8B75-1AFBC3C97AE7}.Ad-Hoc|x64.Deploy.0 = Release|Any CPU
		{4F0E9647-39DD-4677-8B75-1AFBC3C97AE7}.Ad-Hoc|x86.ActiveCfg = Release|Any CPU
		{4F0E9647-39DD-4677-8B75-1AFBC3C97AE7}.Ad-Hoc|x86.Build.0 = Release|Any CPU
		{4F0E9647-39DD-4677-8B75-1AFBC3C97AE7}.Ad-Hoc|x86.Deploy.0 = Release|Any CPU
		{4F0E9647-39DD-4677-8B75-1AFBC3C97AE7}.AppStore|Any CPU.ActiveCfg = Release|Any CPU
		{4F0E9647-39DD-4677-8B75-1AFBC3C97AE7}.AppStore|Any CPU.Build.0 = Release|Any CPU
		{4F0E9647-39DD-4677-8B75-1AFBC3C97AE7}.AppStore|Any CPU.Deploy.0 = Release|Any CPU
		{4F0E9647-39DD-4677-8B75-1AFBC3C97AE7}.AppStore|ARM.ActiveCfg = Release|Any CPU
		{4F0E9647-39DD-4677-8B75-1AFBC3C97AE7}.AppStore|ARM.Build.0 = Release|Any CPU
		{4F0E9647-39DD-4677-8B75-1AFBC3C97AE7}.AppStore|ARM.Deploy.0 = Release|Any CPU
		{4F0E9647-39DD-4677-8B75-1AFBC3C97AE7}.AppStore|iPhone.ActiveCfg = Release|Any CPU
		{4F0E9647-39DD-4677-8B75-1AFBC3C97AE7}.AppStore|iPhone.Build.0 = Release|Any CPU
		{4F0E9647-39DD-4677-8B75-1AFBC3C97AE7}.AppStore|iPhone.Deploy.0 = Release|Any CPU
		{4F0E9647-39DD-4677-8B75-1AFBC3C97AE7}.AppStore|iPhoneSimulator.ActiveCfg = Release|Any CPU
		{4F0E9647-39DD-4677-8B75-1AFBC3C97AE7}.AppStore|iPhoneSimulator.Build.0 = Release|Any CPU
		{4F0E9647-39DD-4677-8B75-1AFBC3C97AE7}.AppStore|iPhoneSimulator.Deploy.0 = Release|Any CPU
		{4F0E9647-39DD-4677-8B75-1AFBC3C97AE7}.AppStore|x64.ActiveCfg = Release|Any CPU
		{4F0E9647-39DD-4677-8B75-1AFBC3C97AE7}.AppStore|x64.Build.0 = Release|Any CPU
		{4F0E9647-39DD-4677-8B75-1AFBC3C97AE7}.AppStore|x64.Deploy.0 = Release|Any CPU
		{4F0E9647-39DD-4677-8B75-1AFBC3C97AE7}.AppStore|x86.ActiveCfg = Release|Any CPU
		{4F0E9647-39DD-4677-8B75-1AFBC3C97AE7}.AppStore|x86.Build.0 = Release|Any CPU
		{4F0E9647-39DD-4677-8B75-1AFBC3C97AE7}.AppStore|x86.Deploy.0 = Release|Any CPU
		{4F0E9647-39DD-4677-8B75-1AFBC3C97AE7}.Debug|Any CPU.ActiveCfg = Debug|Any CPU
		{4F0E9647-39DD-4677-8B75-1AFBC3C97AE7}.Debug|Any CPU.Build.0 = Debug|Any CPU
		{4F0E9647-39DD-4677-8B75-1AFBC3C97AE7}.Debug|Any CPU.Deploy.0 = Debug|Any CPU
		{4F0E9647-39DD-4677-8B75-1AFBC3C97AE7}.Debug|ARM.ActiveCfg = Debug|Any CPU
		{4F0E9647-39DD-4677-8B75-1AFBC3C97AE7}.Debug|ARM.Build.0 = Debug|Any CPU
		{4F0E9647-39DD-4677-8B75-1AFBC3C97AE7}.Debug|ARM.Deploy.0 = Debug|Any CPU
		{4F0E9647-39DD-4677-8B75-1AFBC3C97AE7}.Debug|iPhone.ActiveCfg = Debug|Any CPU
		{4F0E9647-39DD-4677-8B75-1AFBC3C97AE7}.Debug|iPhone.Build.0 = Debug|Any CPU
		{4F0E9647-39DD-4677-8B75-1AFBC3C97AE7}.Debug|iPhone.Deploy.0 = Debug|Any CPU
		{4F0E9647-39DD-4677-8B75-1AFBC3C97AE7}.Debug|iPhoneSimulator.ActiveCfg = Debug|Any CPU
		{4F0E9647-39DD-4677-8B75-1AFBC3C97AE7}.Debug|iPhoneSimulator.Build.0 = Debug|Any CPU
		{4F0E9647-39DD-4677-8B75-1AFBC3C97AE7}.Debug|iPhoneSimulator.Deploy.0 = Debug|Any CPU
		{4F0E9647-39DD-4677-8B75-1AFBC3C97AE7}.Debug|x64.ActiveCfg = Debug|Any CPU
		{4F0E9647-39DD-4677-8B75-1AFBC3C97AE7}.Debug|x64.Build.0 = Debug|Any CPU
		{4F0E9647-39DD-4677-8B75-1AFBC3C97AE7}.Debug|x64.Deploy.0 = Debug|Any CPU
		{4F0E9647-39DD-4677-8B75-1AFBC3C97AE7}.Debug|x86.ActiveCfg = Debug|Any CPU
		{4F0E9647-39DD-4677-8B75-1AFBC3C97AE7}.Debug|x86.Build.0 = Debug|Any CPU
		{4F0E9647-39DD-4677-8B75-1AFBC3C97AE7}.Debug|x86.Deploy.0 = Debug|Any CPU
		{4F0E9647-39DD-4677-8B75-1AFBC3C97AE7}.Release|Any CPU.ActiveCfg = Release|Any CPU
		{4F0E9647-39DD-4677-8B75-1AFBC3C97AE7}.Release|Any CPU.Build.0 = Release|Any CPU
		{4F0E9647-39DD-4677-8B75-1AFBC3C97AE7}.Release|Any CPU.Deploy.0 = Release|Any CPU
		{4F0E9647-39DD-4677-8B75-1AFBC3C97AE7}.Release|ARM.ActiveCfg = Release|Any CPU
		{4F0E9647-39DD-4677-8B75-1AFBC3C97AE7}.Release|ARM.Build.0 = Release|Any CPU
		{4F0E9647-39DD-4677-8B75-1AFBC3C97AE7}.Release|ARM.Deploy.0 = Release|Any CPU
		{4F0E9647-39DD-4677-8B75-1AFBC3C97AE7}.Release|iPhone.ActiveCfg = Release|Any CPU
		{4F0E9647-39DD-4677-8B75-1AFBC3C97AE7}.Release|iPhone.Build.0 = Release|Any CPU
		{4F0E9647-39DD-4677-8B75-1AFBC3C97AE7}.Release|iPhone.Deploy.0 = Release|Any CPU
		{4F0E9647-39DD-4677-8B75-1AFBC3C97AE7}.Release|iPhoneSimulator.ActiveCfg = Release|Any CPU
		{4F0E9647-39DD-4677-8B75-1AFBC3C97AE7}.Release|iPhoneSimulator.Build.0 = Release|Any CPU
		{4F0E9647-39DD-4677-8B75-1AFBC3C97AE7}.Release|iPhoneSimulator.Deploy.0 = Release|Any CPU
		{4F0E9647-39DD-4677-8B75-1AFBC3C97AE7}.Release|x64.ActiveCfg = Release|Any CPU
		{4F0E9647-39DD-4677-8B75-1AFBC3C97AE7}.Release|x64.Build.0 = Release|Any CPU
		{4F0E9647-39DD-4677-8B75-1AFBC3C97AE7}.Release|x64.Deploy.0 = Release|Any CPU
		{4F0E9647-39DD-4677-8B75-1AFBC3C97AE7}.Release|x86.ActiveCfg = Release|Any CPU
		{4F0E9647-39DD-4677-8B75-1AFBC3C97AE7}.Release|x86.Build.0 = Release|Any CPU
		{4F0E9647-39DD-4677-8B75-1AFBC3C97AE7}.Release|x86.Deploy.0 = Release|Any CPU
		{BC4C9C7C-C8A6-43DA-9ED1-6C7D5C3E273A}.Ad-Hoc|Any CPU.ActiveCfg = Ad-Hoc|iPhone
		{BC4C9C7C-C8A6-43DA-9ED1-6C7D5C3E273A}.Ad-Hoc|Any CPU.Build.0 = Ad-Hoc|iPhone
		{BC4C9C7C-C8A6-43DA-9ED1-6C7D5C3E273A}.Ad-Hoc|Any CPU.Deploy.0 = Ad-Hoc|iPhone
		{BC4C9C7C-C8A6-43DA-9ED1-6C7D5C3E273A}.Ad-Hoc|ARM.ActiveCfg = Ad-Hoc|iPhone
		{BC4C9C7C-C8A6-43DA-9ED1-6C7D5C3E273A}.Ad-Hoc|ARM.Build.0 = Ad-Hoc|iPhone
		{BC4C9C7C-C8A6-43DA-9ED1-6C7D5C3E273A}.Ad-Hoc|ARM.Deploy.0 = Ad-Hoc|iPhone
		{BC4C9C7C-C8A6-43DA-9ED1-6C7D5C3E273A}.Ad-Hoc|iPhone.ActiveCfg = Ad-Hoc|iPhone
		{BC4C9C7C-C8A6-43DA-9ED1-6C7D5C3E273A}.Ad-Hoc|iPhone.Build.0 = Ad-Hoc|iPhone
		{BC4C9C7C-C8A6-43DA-9ED1-6C7D5C3E273A}.Ad-Hoc|iPhone.Deploy.0 = Ad-Hoc|iPhone
		{BC4C9C7C-C8A6-43DA-9ED1-6C7D5C3E273A}.Ad-Hoc|iPhoneSimulator.ActiveCfg = Ad-Hoc|iPhoneSimulator
		{BC4C9C7C-C8A6-43DA-9ED1-6C7D5C3E273A}.Ad-Hoc|iPhoneSimulator.Build.0 = Ad-Hoc|iPhoneSimulator
		{BC4C9C7C-C8A6-43DA-9ED1-6C7D5C3E273A}.Ad-Hoc|iPhoneSimulator.Deploy.0 = Ad-Hoc|iPhoneSimulator
		{BC4C9C7C-C8A6-43DA-9ED1-6C7D5C3E273A}.Ad-Hoc|x64.ActiveCfg = Ad-Hoc|iPhone
		{BC4C9C7C-C8A6-43DA-9ED1-6C7D5C3E273A}.Ad-Hoc|x64.Build.0 = Ad-Hoc|iPhone
		{BC4C9C7C-C8A6-43DA-9ED1-6C7D5C3E273A}.Ad-Hoc|x64.Deploy.0 = Ad-Hoc|iPhone
		{BC4C9C7C-C8A6-43DA-9ED1-6C7D5C3E273A}.Ad-Hoc|x86.ActiveCfg = Ad-Hoc|iPhone
		{BC4C9C7C-C8A6-43DA-9ED1-6C7D5C3E273A}.Ad-Hoc|x86.Build.0 = Ad-Hoc|iPhone
		{BC4C9C7C-C8A6-43DA-9ED1-6C7D5C3E273A}.Ad-Hoc|x86.Deploy.0 = Ad-Hoc|iPhone
		{BC4C9C7C-C8A6-43DA-9ED1-6C7D5C3E273A}.AppStore|Any CPU.ActiveCfg = AppStore|iPhone
		{BC4C9C7C-C8A6-43DA-9ED1-6C7D5C3E273A}.AppStore|Any CPU.Build.0 = AppStore|iPhone
		{BC4C9C7C-C8A6-43DA-9ED1-6C7D5C3E273A}.AppStore|Any CPU.Deploy.0 = AppStore|iPhone
		{BC4C9C7C-C8A6-43DA-9ED1-6C7D5C3E273A}.AppStore|ARM.ActiveCfg = AppStore|iPhone
		{BC4C9C7C-C8A6-43DA-9ED1-6C7D5C3E273A}.AppStore|ARM.Build.0 = AppStore|iPhone
		{BC4C9C7C-C8A6-43DA-9ED1-6C7D5C3E273A}.AppStore|ARM.Deploy.0 = AppStore|iPhone
		{BC4C9C7C-C8A6-43DA-9ED1-6C7D5C3E273A}.AppStore|iPhone.ActiveCfg = AppStore|iPhone
		{BC4C9C7C-C8A6-43DA-9ED1-6C7D5C3E273A}.AppStore|iPhone.Build.0 = AppStore|iPhone
		{BC4C9C7C-C8A6-43DA-9ED1-6C7D5C3E273A}.AppStore|iPhone.Deploy.0 = AppStore|iPhone
		{BC4C9C7C-C8A6-43DA-9ED1-6C7D5C3E273A}.AppStore|iPhoneSimulator.ActiveCfg = AppStore|iPhoneSimulator
		{BC4C9C7C-C8A6-43DA-9ED1-6C7D5C3E273A}.AppStore|iPhoneSimulator.Build.0 = AppStore|iPhoneSimulator
		{BC4C9C7C-C8A6-43DA-9ED1-6C7D5C3E273A}.AppStore|iPhoneSimulator.Deploy.0 = AppStore|iPhoneSimulator
		{BC4C9C7C-C8A6-43DA-9ED1-6C7D5C3E273A}.AppStore|x64.ActiveCfg = AppStore|iPhone
		{BC4C9C7C-C8A6-43DA-9ED1-6C7D5C3E273A}.AppStore|x64.Build.0 = AppStore|iPhone
		{BC4C9C7C-C8A6-43DA-9ED1-6C7D5C3E273A}.AppStore|x64.Deploy.0 = AppStore|iPhone
		{BC4C9C7C-C8A6-43DA-9ED1-6C7D5C3E273A}.AppStore|x86.ActiveCfg = AppStore|iPhone
		{BC4C9C7C-C8A6-43DA-9ED1-6C7D5C3E273A}.AppStore|x86.Build.0 = AppStore|iPhone
		{BC4C9C7C-C8A6-43DA-9ED1-6C7D5C3E273A}.AppStore|x86.Deploy.0 = AppStore|iPhone
		{BC4C9C7C-C8A6-43DA-9ED1-6C7D5C3E273A}.Debug|Any CPU.ActiveCfg = Debug|iPhoneSimulator
		{BC4C9C7C-C8A6-43DA-9ED1-6C7D5C3E273A}.Debug|Any CPU.Build.0 = Debug|iPhoneSimulator
		{BC4C9C7C-C8A6-43DA-9ED1-6C7D5C3E273A}.Debug|Any CPU.Deploy.0 = Debug|iPhoneSimulator
		{BC4C9C7C-C8A6-43DA-9ED1-6C7D5C3E273A}.Debug|ARM.ActiveCfg = Debug|iPhone
		{BC4C9C7C-C8A6-43DA-9ED1-6C7D5C3E273A}.Debug|ARM.Build.0 = Debug|iPhone
		{BC4C9C7C-C8A6-43DA-9ED1-6C7D5C3E273A}.Debug|ARM.Deploy.0 = Debug|iPhone
		{BC4C9C7C-C8A6-43DA-9ED1-6C7D5C3E273A}.Debug|iPhone.ActiveCfg = Debug|iPhone
		{BC4C9C7C-C8A6-43DA-9ED1-6C7D5C3E273A}.Debug|iPhone.Build.0 = Debug|iPhone
		{BC4C9C7C-C8A6-43DA-9ED1-6C7D5C3E273A}.Debug|iPhone.Deploy.0 = Debug|iPhone
		{BC4C9C7C-C8A6-43DA-9ED1-6C7D5C3E273A}.Debug|iPhoneSimulator.ActiveCfg = Debug|iPhoneSimulator
		{BC4C9C7C-C8A6-43DA-9ED1-6C7D5C3E273A}.Debug|iPhoneSimulator.Build.0 = Debug|iPhoneSimulator
		{BC4C9C7C-C8A6-43DA-9ED1-6C7D5C3E273A}.Debug|iPhoneSimulator.Deploy.0 = Debug|iPhoneSimulator
		{BC4C9C7C-C8A6-43DA-9ED1-6C7D5C3E273A}.Debug|x64.ActiveCfg = Debug|iPhone
		{BC4C9C7C-C8A6-43DA-9ED1-6C7D5C3E273A}.Debug|x64.Build.0 = Debug|iPhone
		{BC4C9C7C-C8A6-43DA-9ED1-6C7D5C3E273A}.Debug|x64.Deploy.0 = Debug|iPhone
		{BC4C9C7C-C8A6-43DA-9ED1-6C7D5C3E273A}.Debug|x86.ActiveCfg = Debug|iPhone
		{BC4C9C7C-C8A6-43DA-9ED1-6C7D5C3E273A}.Debug|x86.Build.0 = Debug|iPhone
		{BC4C9C7C-C8A6-43DA-9ED1-6C7D5C3E273A}.Debug|x86.Deploy.0 = Debug|iPhone
		{BC4C9C7C-C8A6-43DA-9ED1-6C7D5C3E273A}.Release|Any CPU.ActiveCfg = Release|iPhone
		{BC4C9C7C-C8A6-43DA-9ED1-6C7D5C3E273A}.Release|Any CPU.Build.0 = Release|iPhone
		{BC4C9C7C-C8A6-43DA-9ED1-6C7D5C3E273A}.Release|Any CPU.Deploy.0 = Release|iPhone
		{BC4C9C7C-C8A6-43DA-9ED1-6C7D5C3E273A}.Release|ARM.ActiveCfg = Release|iPhone
		{BC4C9C7C-C8A6-43DA-9ED1-6C7D5C3E273A}.Release|ARM.Build.0 = Release|iPhone
		{BC4C9C7C-C8A6-43DA-9ED1-6C7D5C3E273A}.Release|ARM.Deploy.0 = Release|iPhone
		{BC4C9C7C-C8A6-43DA-9ED1-6C7D5C3E273A}.Release|iPhone.ActiveCfg = Release|iPhone
		{BC4C9C7C-C8A6-43DA-9ED1-6C7D5C3E273A}.Release|iPhone.Build.0 = Release|iPhone
		{BC4C9C7C-C8A6-43DA-9ED1-6C7D5C3E273A}.Release|iPhone.Deploy.0 = Release|iPhone
		{BC4C9C7C-C8A6-43DA-9ED1-6C7D5C3E273A}.Release|iPhoneSimulator.ActiveCfg = Release|iPhoneSimulator
		{BC4C9C7C-C8A6-43DA-9ED1-6C7D5C3E273A}.Release|iPhoneSimulator.Build.0 = Release|iPhoneSimulator
		{BC4C9C7C-C8A6-43DA-9ED1-6C7D5C3E273A}.Release|iPhoneSimulator.Deploy.0 = Release|iPhoneSimulator
		{BC4C9C7C-C8A6-43DA-9ED1-6C7D5C3E273A}.Release|x64.ActiveCfg = Release|iPhone
		{BC4C9C7C-C8A6-43DA-9ED1-6C7D5C3E273A}.Release|x64.Build.0 = Release|iPhone
		{BC4C9C7C-C8A6-43DA-9ED1-6C7D5C3E273A}.Release|x64.Deploy.0 = Release|iPhone
		{BC4C9C7C-C8A6-43DA-9ED1-6C7D5C3E273A}.Release|x86.ActiveCfg = Release|iPhone
		{BC4C9C7C-C8A6-43DA-9ED1-6C7D5C3E273A}.Release|x86.Build.0 = Release|iPhone
		{BC4C9C7C-C8A6-43DA-9ED1-6C7D5C3E273A}.Release|x86.Deploy.0 = Release|iPhone
		{E9DAA11D-74C2-46D2-B484-5B55D0181F7E}.Ad-Hoc|Any CPU.ActiveCfg = Release|x86
		{E9DAA11D-74C2-46D2-B484-5B55D0181F7E}.Ad-Hoc|Any CPU.Build.0 = Release|x86
		{E9DAA11D-74C2-46D2-B484-5B55D0181F7E}.Ad-Hoc|Any CPU.Deploy.0 = Release|x86
		{E9DAA11D-74C2-46D2-B484-5B55D0181F7E}.Ad-Hoc|ARM.ActiveCfg = Release|ARM
		{E9DAA11D-74C2-46D2-B484-5B55D0181F7E}.Ad-Hoc|ARM.Build.0 = Release|ARM
		{E9DAA11D-74C2-46D2-B484-5B55D0181F7E}.Ad-Hoc|ARM.Deploy.0 = Release|ARM
		{E9DAA11D-74C2-46D2-B484-5B55D0181F7E}.Ad-Hoc|iPhone.ActiveCfg = Release|x86
		{E9DAA11D-74C2-46D2-B484-5B55D0181F7E}.Ad-Hoc|iPhone.Build.0 = Release|x86
		{E9DAA11D-74C2-46D2-B484-5B55D0181F7E}.Ad-Hoc|iPhone.Deploy.0 = Release|x86
		{E9DAA11D-74C2-46D2-B484-5B55D0181F7E}.Ad-Hoc|iPhoneSimulator.ActiveCfg = Release|x86
		{E9DAA11D-74C2-46D2-B484-5B55D0181F7E}.Ad-Hoc|iPhoneSimulator.Build.0 = Release|x86
		{E9DAA11D-74C2-46D2-B484-5B55D0181F7E}.Ad-Hoc|iPhoneSimulator.Deploy.0 = Release|x86
		{E9DAA11D-74C2-46D2-B484-5B55D0181F7E}.Ad-Hoc|x64.ActiveCfg = Release|x64
		{E9DAA11D-74C2-46D2-B484-5B55D0181F7E}.Ad-Hoc|x64.Build.0 = Release|x64
		{E9DAA11D-74C2-46D2-B484-5B55D0181F7E}.Ad-Hoc|x64.Deploy.0 = Release|x64
		{E9DAA11D-74C2-46D2-B484-5B55D0181F7E}.Ad-Hoc|x86.ActiveCfg = Release|x86
		{E9DAA11D-74C2-46D2-B484-5B55D0181F7E}.Ad-Hoc|x86.Build.0 = Release|x86
		{E9DAA11D-74C2-46D2-B484-5B55D0181F7E}.Ad-Hoc|x86.Deploy.0 = Release|x86
		{E9DAA11D-74C2-46D2-B484-5B55D0181F7E}.AppStore|Any CPU.ActiveCfg = Release|x86
		{E9DAA11D-74C2-46D2-B484-5B55D0181F7E}.AppStore|Any CPU.Build.0 = Release|x86
		{E9DAA11D-74C2-46D2-B484-5B55D0181F7E}.AppStore|Any CPU.Deploy.0 = Release|x86
		{E9DAA11D-74C2-46D2-B484-5B55D0181F7E}.AppStore|ARM.ActiveCfg = Release|ARM
		{E9DAA11D-74C2-46D2-B484-5B55D0181F7E}.AppStore|ARM.Build.0 = Release|ARM
		{E9DAA11D-74C2-46D2-B484-5B55D0181F7E}.AppStore|ARM.Deploy.0 = Release|ARM
		{E9DAA11D-74C2-46D2-B484-5B55D0181F7E}.AppStore|iPhone.ActiveCfg = Release|x86
		{E9DAA11D-74C2-46D2-B484-5B55D0181F7E}.AppStore|iPhone.Build.0 = Release|x86
		{E9DAA11D-74C2-46D2-B484-5B55D0181F7E}.AppStore|iPhone.Deploy.0 = Release|x86
		{E9DAA11D-74C2-46D2-B484-5B55D0181F7E}.AppStore|iPhoneSimulator.ActiveCfg = Release|x86
		{E9DAA11D-74C2-46D2-B484-5B55D0181F7E}.AppStore|iPhoneSimulator.Build.0 = Release|x86
		{E9DAA11D-74C2-46D2-B484-5B55D0181F7E}.AppStore|iPhoneSimulator.Deploy.0 = Release|x86
		{E9DAA11D-74C2-46D2-B484-5B55D0181F7E}.AppStore|x64.ActiveCfg = Release|x64
		{E9DAA11D-74C2-46D2-B484-5B55D0181F7E}.AppStore|x64.Build.0 = Release|x64
		{E9DAA11D-74C2-46D2-B484-5B55D0181F7E}.AppStore|x64.Deploy.0 = Release|x64
		{E9DAA11D-74C2-46D2-B484-5B55D0181F7E}.AppStore|x86.ActiveCfg = Release|x86
		{E9DAA11D-74C2-46D2-B484-5B55D0181F7E}.AppStore|x86.Build.0 = Release|x86
		{E9DAA11D-74C2-46D2-B484-5B55D0181F7E}.AppStore|x86.Deploy.0 = Release|x86
		{E9DAA11D-74C2-46D2-B484-5B55D0181F7E}.Debug|Any CPU.ActiveCfg = Debug|x86
		{E9DAA11D-74C2-46D2-B484-5B55D0181F7E}.Debug|Any CPU.Build.0 = Debug|x86
		{E9DAA11D-74C2-46D2-B484-5B55D0181F7E}.Debug|Any CPU.Deploy.0 = Debug|x86
		{E9DAA11D-74C2-46D2-B484-5B55D0181F7E}.Debug|ARM.ActiveCfg = Debug|ARM
		{E9DAA11D-74C2-46D2-B484-5B55D0181F7E}.Debug|ARM.Build.0 = Debug|ARM
		{E9DAA11D-74C2-46D2-B484-5B55D0181F7E}.Debug|ARM.Deploy.0 = Debug|ARM
		{E9DAA11D-74C2-46D2-B484-5B55D0181F7E}.Debug|iPhone.ActiveCfg = Debug|x86
		{E9DAA11D-74C2-46D2-B484-5B55D0181F7E}.Debug|iPhone.Build.0 = Debug|x86
		{E9DAA11D-74C2-46D2-B484-5B55D0181F7E}.Debug|iPhone.Deploy.0 = Debug|x86
		{E9DAA11D-74C2-46D2-B484-5B55D0181F7E}.Debug|iPhoneSimulator.ActiveCfg = Debug|x86
		{E9DAA11D-74C2-46D2-B484-5B55D0181F7E}.Debug|iPhoneSimulator.Build.0 = Debug|x86
		{E9DAA11D-74C2-46D2-B484-5B55D0181F7E}.Debug|iPhoneSimulator.Deploy.0 = Debug|x86
		{E9DAA11D-74C2-46D2-B484-5B55D0181F7E}.Debug|x64.ActiveCfg = Debug|x64
		{E9DAA11D-74C2-46D2-B484-5B55D0181F7E}.Debug|x64.Build.0 = Debug|x64
		{E9DAA11D-74C2-46D2-B484-5B55D0181F7E}.Debug|x64.Deploy.0 = Debug|x64
		{E9DAA11D-74C2-46D2-B484-5B55D0181F7E}.Debug|x86.ActiveCfg = Debug|x86
		{E9DAA11D-74C2-46D2-B484-5B55D0181F7E}.Debug|x86.Build.0 = Debug|x86
		{E9DAA11D-74C2-46D2-B484-5B55D0181F7E}.Debug|x86.Deploy.0 = Debug|x86
		{E9DAA11D-74C2-46D2-B484-5B55D0181F7E}.Release|Any CPU.ActiveCfg = Release|x86
		{E9DAA11D-74C2-46D2-B484-5B55D0181F7E}.Release|Any CPU.Build.0 = Release|x86
		{E9DAA11D-74C2-46D2-B484-5B55D0181F7E}.Release|Any CPU.Deploy.0 = Release|x86
		{E9DAA11D-74C2-46D2-B484-5B55D0181F7E}.Release|ARM.ActiveCfg = Release|ARM
		{E9DAA11D-74C2-46D2-B484-5B55D0181F7E}.Release|ARM.Build.0 = Release|ARM
		{E9DAA11D-74C2-46D2-B484-5B55D0181F7E}.Release|ARM.Deploy.0 = Release|ARM
		{E9DAA11D-74C2-46D2-B484-5B55D0181F7E}.Release|iPhone.ActiveCfg = Release|x86
		{E9DAA11D-74C2-46D2-B484-5B55D0181F7E}.Release|iPhone.Build.0 = Release|x86
		{E9DAA11D-74C2-46D2-B484-5B55D0181F7E}.Release|iPhone.Deploy.0 = Release|x86
		{E9DAA11D-74C2-46D2-B484-5B55D0181F7E}.Release|iPhoneSimulator.ActiveCfg = Release|x86
		{E9DAA11D-74C2-46D2-B484-5B55D0181F7E}.Release|iPhoneSimulator.Build.0 = Release|x86
		{E9DAA11D-74C2-46D2-B484-5B55D0181F7E}.Release|iPhoneSimulator.Deploy.0 = Release|x86
		{E9DAA11D-74C2-46D2-B484-5B55D0181F7E}.Release|x64.ActiveCfg = Release|x64
		{E9DAA11D-74C2-46D2-B484-5B55D0181F7E}.Release|x64.Build.0 = Release|x64
		{E9DAA11D-74C2-46D2-B484-5B55D0181F7E}.Release|x64.Deploy.0 = Release|x64
		{E9DAA11D-74C2-46D2-B484-5B55D0181F7E}.Release|x86.ActiveCfg = Release|x86
		{E9DAA11D-74C2-46D2-B484-5B55D0181F7E}.Release|x86.Build.0 = Release|x86
		{E9DAA11D-74C2-46D2-B484-5B55D0181F7E}.Release|x86.Deploy.0 = Release|x86
		{B50ADC72-4122-469A-9A69-FB2D5A0EB9E2}.Ad-Hoc|Any CPU.ActiveCfg = Debug|Any CPU
		{B50ADC72-4122-469A-9A69-FB2D5A0EB9E2}.Ad-Hoc|Any CPU.Build.0 = Debug|Any CPU
		{B50ADC72-4122-469A-9A69-FB2D5A0EB9E2}.Ad-Hoc|Any CPU.Deploy.0 = Debug|Any CPU
		{B50ADC72-4122-469A-9A69-FB2D5A0EB9E2}.Ad-Hoc|ARM.ActiveCfg = Debug|Any CPU
		{B50ADC72-4122-469A-9A69-FB2D5A0EB9E2}.Ad-Hoc|ARM.Build.0 = Debug|Any CPU
		{B50ADC72-4122-469A-9A69-FB2D5A0EB9E2}.Ad-Hoc|ARM.Deploy.0 = Debug|Any CPU
		{B50ADC72-4122-469A-9A69-FB2D5A0EB9E2}.Ad-Hoc|iPhone.ActiveCfg = Debug|Any CPU
		{B50ADC72-4122-469A-9A69-FB2D5A0EB9E2}.Ad-Hoc|iPhone.Build.0 = Debug|Any CPU
		{B50ADC72-4122-469A-9A69-FB2D5A0EB9E2}.Ad-Hoc|iPhone.Deploy.0 = Debug|Any CPU
		{B50ADC72-4122-469A-9A69-FB2D5A0EB9E2}.Ad-Hoc|iPhoneSimulator.ActiveCfg = Debug|Any CPU
		{B50ADC72-4122-469A-9A69-FB2D5A0EB9E2}.Ad-Hoc|iPhoneSimulator.Build.0 = Debug|Any CPU
		{B50ADC72-4122-469A-9A69-FB2D5A0EB9E2}.Ad-Hoc|iPhoneSimulator.Deploy.0 = Debug|Any CPU
		{B50ADC72-4122-469A-9A69-FB2D5A0EB9E2}.Ad-Hoc|x64.ActiveCfg = Debug|Any CPU
		{B50ADC72-4122-469A-9A69-FB2D5A0EB9E2}.Ad-Hoc|x64.Build.0 = Debug|Any CPU
		{B50ADC72-4122-469A-9A69-FB2D5A0EB9E2}.Ad-Hoc|x64.Deploy.0 = Debug|Any CPU
		{B50ADC72-4122-469A-9A69-FB2D5A0EB9E2}.Ad-Hoc|x86.ActiveCfg = Debug|Any CPU
		{B50ADC72-4122-469A-9A69-FB2D5A0EB9E2}.Ad-Hoc|x86.Build.0 = Debug|Any CPU
		{B50ADC72-4122-469A-9A69-FB2D5A0EB9E2}.Ad-Hoc|x86.Deploy.0 = Debug|Any CPU
		{B50ADC72-4122-469A-9A69-FB2D5A0EB9E2}.AppStore|Any CPU.ActiveCfg = Debug|Any CPU
		{B50ADC72-4122-469A-9A69-FB2D5A0EB9E2}.AppStore|Any CPU.Build.0 = Debug|Any CPU
		{B50ADC72-4122-469A-9A69-FB2D5A0EB9E2}.AppStore|Any CPU.Deploy.0 = Debug|Any CPU
		{B50ADC72-4122-469A-9A69-FB2D5A0EB9E2}.AppStore|ARM.ActiveCfg = Debug|Any CPU
		{B50ADC72-4122-469A-9A69-FB2D5A0EB9E2}.AppStore|ARM.Build.0 = Debug|Any CPU
		{B50ADC72-4122-469A-9A69-FB2D5A0EB9E2}.AppStore|ARM.Deploy.0 = Debug|Any CPU
		{B50ADC72-4122-469A-9A69-FB2D5A0EB9E2}.AppStore|iPhone.ActiveCfg = Debug|Any CPU
		{B50ADC72-4122-469A-9A69-FB2D5A0EB9E2}.AppStore|iPhone.Build.0 = Debug|Any CPU
		{B50ADC72-4122-469A-9A69-FB2D5A0EB9E2}.AppStore|iPhone.Deploy.0 = Debug|Any CPU
		{B50ADC72-4122-469A-9A69-FB2D5A0EB9E2}.AppStore|iPhoneSimulator.ActiveCfg = Debug|Any CPU
		{B50ADC72-4122-469A-9A69-FB2D5A0EB9E2}.AppStore|iPhoneSimulator.Build.0 = Debug|Any CPU
		{B50ADC72-4122-469A-9A69-FB2D5A0EB9E2}.AppStore|iPhoneSimulator.Deploy.0 = Debug|Any CPU
		{B50ADC72-4122-469A-9A69-FB2D5A0EB9E2}.AppStore|x64.ActiveCfg = Debug|Any CPU
		{B50ADC72-4122-469A-9A69-FB2D5A0EB9E2}.AppStore|x64.Build.0 = Debug|Any CPU
		{B50ADC72-4122-469A-9A69-FB2D5A0EB9E2}.AppStore|x64.Deploy.0 = Debug|Any CPU
		{B50ADC72-4122-469A-9A69-FB2D5A0EB9E2}.AppStore|x86.ActiveCfg = Debug|Any CPU
		{B50ADC72-4122-469A-9A69-FB2D5A0EB9E2}.AppStore|x86.Build.0 = Debug|Any CPU
		{B50ADC72-4122-469A-9A69-FB2D5A0EB9E2}.AppStore|x86.Deploy.0 = Debug|Any CPU
		{B50ADC72-4122-469A-9A69-FB2D5A0EB9E2}.Debug|Any CPU.ActiveCfg = Debug|Any CPU
		{B50ADC72-4122-469A-9A69-FB2D5A0EB9E2}.Debug|Any CPU.Build.0 = Debug|Any CPU
		{B50ADC72-4122-469A-9A69-FB2D5A0EB9E2}.Debug|Any CPU.Deploy.0 = Debug|Any CPU
		{B50ADC72-4122-469A-9A69-FB2D5A0EB9E2}.Debug|ARM.ActiveCfg = Debug|Any CPU
		{B50ADC72-4122-469A-9A69-FB2D5A0EB9E2}.Debug|ARM.Build.0 = Debug|Any CPU
		{B50ADC72-4122-469A-9A69-FB2D5A0EB9E2}.Debug|ARM.Deploy.0 = Debug|Any CPU
		{B50ADC72-4122-469A-9A69-FB2D5A0EB9E2}.Debug|iPhone.ActiveCfg = Debug|Any CPU
		{B50ADC72-4122-469A-9A69-FB2D5A0EB9E2}.Debug|iPhone.Build.0 = Debug|Any CPU
		{B50ADC72-4122-469A-9A69-FB2D5A0EB9E2}.Debug|iPhone.Deploy.0 = Debug|Any CPU
		{B50ADC72-4122-469A-9A69-FB2D5A0EB9E2}.Debug|iPhoneSimulator.ActiveCfg = Debug|Any CPU
		{B50ADC72-4122-469A-9A69-FB2D5A0EB9E2}.Debug|iPhoneSimulator.Build.0 = Debug|Any CPU
		{B50ADC72-4122-469A-9A69-FB2D5A0EB9E2}.Debug|iPhoneSimulator.Deploy.0 = Debug|Any CPU
		{B50ADC72-4122-469A-9A69-FB2D5A0EB9E2}.Debug|x64.ActiveCfg = Debug|Any CPU
		{B50ADC72-4122-469A-9A69-FB2D5A0EB9E2}.Debug|x64.Build.0 = Debug|Any CPU
		{B50ADC72-4122-469A-9A69-FB2D5A0EB9E2}.Debug|x64.Deploy.0 = Debug|Any CPU
		{B50ADC72-4122-469A-9A69-FB2D5A0EB9E2}.Debug|x86.ActiveCfg = Debug|Any CPU
		{B50ADC72-4122-469A-9A69-FB2D5A0EB9E2}.Debug|x86.Build.0 = Debug|Any CPU
		{B50ADC72-4122-469A-9A69-FB2D5A0EB9E2}.Debug|x86.Deploy.0 = Debug|Any CPU
		{B50ADC72-4122-469A-9A69-FB2D5A0EB9E2}.Release|Any CPU.ActiveCfg = Release|Any CPU
		{B50ADC72-4122-469A-9A69-FB2D5A0EB9E2}.Release|Any CPU.Build.0 = Release|Any CPU
		{B50ADC72-4122-469A-9A69-FB2D5A0EB9E2}.Release|Any CPU.Deploy.0 = Release|Any CPU
		{B50ADC72-4122-469A-9A69-FB2D5A0EB9E2}.Release|ARM.ActiveCfg = Release|Any CPU
		{B50ADC72-4122-469A-9A69-FB2D5A0EB9E2}.Release|ARM.Build.0 = Release|Any CPU
		{B50ADC72-4122-469A-9A69-FB2D5A0EB9E2}.Release|ARM.Deploy.0 = Release|Any CPU
		{B50ADC72-4122-469A-9A69-FB2D5A0EB9E2}.Release|iPhone.ActiveCfg = Release|Any CPU
		{B50ADC72-4122-469A-9A69-FB2D5A0EB9E2}.Release|iPhone.Build.0 = Release|Any CPU
		{B50ADC72-4122-469A-9A69-FB2D5A0EB9E2}.Release|iPhone.Deploy.0 = Release|Any CPU
		{B50ADC72-4122-469A-9A69-FB2D5A0EB9E2}.Release|iPhoneSimulator.ActiveCfg = Release|Any CPU
		{B50ADC72-4122-469A-9A69-FB2D5A0EB9E2}.Release|iPhoneSimulator.Build.0 = Release|Any CPU
		{B50ADC72-4122-469A-9A69-FB2D5A0EB9E2}.Release|iPhoneSimulator.Deploy.0 = Release|Any CPU
		{B50ADC72-4122-469A-9A69-FB2D5A0EB9E2}.Release|x64.ActiveCfg = Release|Any CPU
		{B50ADC72-4122-469A-9A69-FB2D5A0EB9E2}.Release|x64.Build.0 = Release|Any CPU
		{B50ADC72-4122-469A-9A69-FB2D5A0EB9E2}.Release|x64.Deploy.0 = Release|Any CPU
		{B50ADC72-4122-469A-9A69-FB2D5A0EB9E2}.Release|x86.ActiveCfg = Release|Any CPU
		{B50ADC72-4122-469A-9A69-FB2D5A0EB9E2}.Release|x86.Build.0 = Release|Any CPU
		{B50ADC72-4122-469A-9A69-FB2D5A0EB9E2}.Release|x86.Deploy.0 = Release|Any CPU
	EndGlobalSection
	GlobalSection(SolutionProperties) = preSolution
		HideSolutionNode = FALSE
	EndGlobalSection
	GlobalSection(ExtensibilityGlobals) = postSolution
		SolutionGuid = {26B17759-705E-436B-9125-88AFF8C03F99}
	EndGlobalSection
EndGlobal
